// !$*UTF8*$!
{
	archiveVersion = 1;
	classes = {
	};
	objectVersion = 55;
	objects = {

/* Begin PBXBuildFile section */
		4971349D27DD9AFC005C2B73 /* TableViewDemoApp.swift in Sources */ = {isa = PBXBuildFile; fileRef = 4971349C27DD9AFC005C2B73 /* TableViewDemoApp.swift */; };
		4971349F27DD9AFC005C2B73 /* ContentView.swift in Sources */ = {isa = PBXBuildFile; fileRef = 4971349E27DD9AFC005C2B73 /* ContentView.swift */; };
		497134A127DD9B01005C2B73 /* Assets.xcassets in Resources */ = {isa = PBXBuildFile; fileRef = 497134A027DD9B01005C2B73 /* Assets.xcassets */; };
		497134A427DD9B01005C2B73 /* Preview Assets.xcassets in Resources */ = {isa = PBXBuildFile; fileRef = 497134A327DD9B01005C2B73 /* Preview Assets.xcassets */; };
		497134AE27DD9B01005C2B73 /* TableViewDemoTests.swift in Sources */ = {isa = PBXBuildFile; fileRef = 497134AD27DD9B01005C2B73 /* TableViewDemoTests.swift */; };
		497134B827DD9B01005C2B73 /* TableViewDemoUITests.swift in Sources */ = {isa = PBXBuildFile; fileRef = 497134B727DD9B01005C2B73 /* TableViewDemoUITests.swift */; };
		497134BA27DD9B01005C2B73 /* TableViewDemoUITestsLaunchTests.swift in Sources */ = {isa = PBXBuildFile; fileRef = 497134B927DD9B01005C2B73 /* TableViewDemoUITestsLaunchTests.swift */; };
/* End PBXBuildFile section */

/* Begin PBXContainerItemProxy section */
		497134AA27DD9B01005C2B73 /* PBXContainerItemProxy */ = {
			isa = PBXContainerItemProxy;
			containerPortal = 4971349127DD9AFC005C2B73 /* Project object */;
			proxyType = 1;
			remoteGlobalIDString = 4971349827DD9AFC005C2B73;
			remoteInfo = TableViewDemo;
		};
		497134B427DD9B01005C2B73 /* PBXContainerItemProxy */ = {
			isa = PBXContainerItemProxy;
			containerPortal = 4971349127DD9AFC005C2B73 /* Project object */;
			proxyType = 1;
			remoteGlobalIDString = 4971349827DD9AFC005C2B73;
			remoteInfo = TableViewDemo;
		};
/* End PBXContainerItemProxy section */

/* Begin PBXFileReference section */
		4971349927DD9AFC005C2B73 /* TableViewDemo.app */ = {isa = PBXFileReference; explicitFileType = wrapper.application; includeInIndex = 0; path = TableViewDemo.app; sourceTree = BUILT_PRODUCTS_DIR; };
		4971349C27DD9AFC005C2B73 /* TableViewDemoApp.swift */ = {isa = PBXFileReference; lastKnownFileType = sourcecode.swift; path = TableViewDemoApp.swift; sourceTree = "<group>"; };
		4971349E27DD9AFC005C2B73 /* ContentView.swift */ = {isa = PBXFileReference; lastKnownFileType = sourcecode.swift; path = ContentView.swift; sourceTree = "<group>"; };
		497134A027DD9B01005C2B73 /* Assets.xcassets */ = {isa = PBXFileReference; lastKnownFileType = folder.assetcatalog; path = Assets.xcassets; sourceTree = "<group>"; };
		497134A327DD9B01005C2B73 /* Preview Assets.xcassets */ = {isa = PBXFileReference; lastKnownFileType = folder.assetcatalog; path = "Preview Assets.xcassets"; sourceTree = "<group>"; };
		497134A927DD9B01005C2B73 /* TableViewDemoTests.xctest */ = {isa = PBXFileReference; explicitFileType = wrapper.cfbundle; includeInIndex = 0; path = TableViewDemoTests.xctest; sourceTree = BUILT_PRODUCTS_DIR; };
		497134AD27DD9B01005C2B73 /* TableViewDemoTests.swift */ = {isa = PBXFileReference; lastKnownFileType = sourcecode.swift; path = TableViewDemoTests.swift; sourceTree = "<group>"; };
		497134B327DD9B01005C2B73 /* TableViewDemoUITests.xctest */ = {isa = PBXFileReference; explicitFileType = wrapper.cfbundle; includeInIndex = 0; path = TableViewDemoUITests.xctest; sourceTree = BUILT_PRODUCTS_DIR; };
		497134B727DD9B01005C2B73 /* TableViewDemoUITests.swift */ = {isa = PBXFileReference; lastKnownFileType = sourcecode.swift; path = TableViewDemoUITests.swift; sourceTree = "<group>"; };
		497134B927DD9B01005C2B73 /* TableViewDemoUITestsLaunchTests.swift */ = {isa = PBXFileReference; lastKnownFileType = sourcecode.swift; path = TableViewDemoUITestsLaunchTests.swift; sourceTree = "<group>"; };
/* End PBXFileReference section */

/* Begin PBXFrameworksBuildPhase section */
		4971349627DD9AFC005C2B73 /* Frameworks */ = {
			isa = PBXFrameworksBuildPhase;
			buildActionMask = 2147483647;
			files = (
			);
			runOnlyForDeploymentPostprocessing = 0;
		};
		497134A627DD9B01005C2B73 /* Frameworks */ = {
			isa = PBXFrameworksBuildPhase;
			buildActionMask = 2147483647;
			files = (
			);
			runOnlyForDeploymentPostprocessing = 0;
		};
		497134B027DD9B01005C2B73 /* Frameworks */ = {
			isa = PBXFrameworksBuildPhase;
			buildActionMask = 2147483647;
			files = (
			);
			runOnlyForDeploymentPostprocessing = 0;
		};
/* End PBXFrameworksBuildPhase section */

/* Begin PBXGroup section */
		4971349027DD9AFC005C2B73 = {
			isa = PBXGroup;
			children = (
				4971349B27DD9AFC005C2B73 /* TableViewDemo */,
				497134AC27DD9B01005C2B73 /* TableViewDemoTests */,
				497134B627DD9B01005C2B73 /* TableViewDemoUITests */,
				4971349A27DD9AFC005C2B73 /* Products */,
			);
			sourceTree = "<group>";
		};
		4971349A27DD9AFC005C2B73 /* Products */ = {
			isa = PBXGroup;
			children = (
				4971349927DD9AFC005C2B73 /* TableViewDemo.app */,
				497134A927DD9B01005C2B73 /* TableViewDemoTests.xctest */,
				497134B327DD9B01005C2B73 /* TableViewDemoUITests.xctest */,
			);
			name = Products;
			sourceTree = "<group>";
		};
		4971349B27DD9AFC005C2B73 /* TableViewDemo */ = {
			isa = PBXGroup;
			children = (
				4971349C27DD9AFC005C2B73 /* TableViewDemoApp.swift */,
				4971349E27DD9AFC005C2B73 /* ContentView.swift */,
				497134A027DD9B01005C2B73 /* Assets.xcassets */,
				497134A227DD9B01005C2B73 /* Preview Content */,
			);
			path = TableViewDemo;
			sourceTree = "<group>";
		};
		497134A227DD9B01005C2B73 /* Preview Content */ = {
			isa = PBXGroup;
			children = (
				497134A327DD9B01005C2B73 /* Preview Assets.xcassets */,
			);
			path = "Preview Content";
			sourceTree = "<group>";
		};
		497134AC27DD9B01005C2B73 /* TableViewDemoTests */ = {
			isa = PBXGroup;
			children = (
				497134AD27DD9B01005C2B73 /* TableViewDemoTests.swift */,
			);
			path = TableViewDemoTests;
			sourceTree = "<group>";
		};
		497134B627DD9B01005C2B73 /* TableViewDemoUITests */ = {
			isa = PBXGroup;
			children = (
				497134B727DD9B01005C2B73 /* TableViewDemoUITests.swift */,
				497134B927DD9B01005C2B73 /* TableViewDemoUITestsLaunchTests.swift */,
			);
			path = TableViewDemoUITests;
			sourceTree = "<group>";
		};
/* End PBXGroup section */

/* Begin PBXNativeTarget section */
		4971349827DD9AFC005C2B73 /* TableViewDemo */ = {
			isa = PBXNativeTarget;
			buildConfigurationList = 497134BD27DD9B01005C2B73 /* Build configuration list for PBXNativeTarget "TableViewDemo" */;
			buildPhases = (
				4971349527DD9AFC005C2B73 /* Sources */,
				4971349627DD9AFC005C2B73 /* Frameworks */,
				4971349727DD9AFC005C2B73 /* Resources */,
			);
			buildRules = (
			);
			dependencies = (
			);
			name = TableViewDemo;
			productName = TableViewDemo;
			productReference = 4971349927DD9AFC005C2B73 /* TableViewDemo.app */;
			productType = "com.apple.product-type.application";
		};
		497134A827DD9B01005C2B73 /* TableViewDemoTests */ = {
			isa = PBXNativeTarget;
			buildConfigurationList = 497134C027DD9B01005C2B73 /* Build configuration list for PBXNativeTarget "TableViewDemoTests" */;
			buildPhases = (
				497134A527DD9B01005C2B73 /* Sources */,
				497134A627DD9B01005C2B73 /* Frameworks */,
				497134A727DD9B01005C2B73 /* Resources */,
			);
			buildRules = (
			);
			dependencies = (
				497134AB27DD9B01005C2B73 /* PBXTargetDependency */,
			);
			name = TableViewDemoTests;
			productName = TableViewDemoTests;
			productReference = 497134A927DD9B01005C2B73 /* TableViewDemoTests.xctest */;
			productType = "com.apple.product-type.bundle.unit-test";
		};
		497134B227DD9B01005C2B73 /* TableViewDemoUITests */ = {
			isa = PBXNativeTarget;
			buildConfigurationList = 497134C327DD9B01005C2B73 /* Build configuration list for PBXNativeTarget "TableViewDemoUITests" */;
			buildPhases = (
				497134AF27DD9B01005C2B73 /* Sources */,
				497134B027DD9B01005C2B73 /* Frameworks */,
				497134B127DD9B01005C2B73 /* Resources */,
			);
			buildRules = (
			);
			dependencies = (
				497134B527DD9B01005C2B73 /* PBXTargetDependency */,
			);
			name = TableViewDemoUITests;
			productName = TableViewDemoUITests;
			productReference = 497134B327DD9B01005C2B73 /* TableViewDemoUITests.xctest */;
			productType = "com.apple.product-type.bundle.ui-testing";
		};
/* End PBXNativeTarget section */

/* Begin PBXProject section */
		4971349127DD9AFC005C2B73 /* Project object */ = {
			isa = PBXProject;
			attributes = {
				BuildIndependentTargetsInParallel = 1;
				LastSwiftUpdateCheck = 1320;
				LastUpgradeCheck = 1320;
				TargetAttributes = {
					4971349827DD9AFC005C2B73 = {
						CreatedOnToolsVersion = 13.2.1;
					};
					497134A827DD9B01005C2B73 = {
						CreatedOnToolsVersion = 13.2.1;
						TestTargetID = 4971349827DD9AFC005C2B73;
					};
					497134B227DD9B01005C2B73 = {
						CreatedOnToolsVersion = 13.2.1;
						TestTargetID = 4971349827DD9AFC005C2B73;
					};
				};
			};
			buildConfigurationList = 4971349427DD9AFC005C2B73 /* Build configuration list for PBXProject "TableViewDemo" */;
			compatibilityVersion = "Xcode 13.0";
			developmentRegion = en;
			hasScannedForEncodings = 0;
			knownRegions = (
				en,
				Base,
			);
			mainGroup = 4971349027DD9AFC005C2B73;
			productRefGroup = 4971349A27DD9AFC005C2B73 /* Products */;
			projectDirPath = "";
			projectRoot = "";
			targets = (
				4971349827DD9AFC005C2B73 /* TableViewDemo */,
				497134A827DD9B01005C2B73 /* TableViewDemoTests */,
				497134B227DD9B01005C2B73 /* TableViewDemoUITests */,
			);
		};
/* End PBXProject section */

/* Begin PBXResourcesBuildPhase section */
		4971349727DD9AFC005C2B73 /* Resources */ = {
			isa = PBXResourcesBuildPhase;
			buildActionMask = 2147483647;
			files = (
				497134A427DD9B01005C2B73 /* Preview Assets.xcassets in Resources */,
				497134A127DD9B01005C2B73 /* Assets.xcassets in Resources */,
			);
			runOnlyForDeploymentPostprocessing = 0;
		};
		497134A727DD9B01005C2B73 /* Resources */ = {
			isa = PBXResourcesBuildPhase;
			buildActionMask = 2147483647;
			files = (
			);
			runOnlyForDeploymentPostprocessing = 0;
		};
		497134B127DD9B01005C2B73 /* Resources */ = {
			isa = PBXResourcesBuildPhase;
			buildActionMask = 2147483647;
			files = (
			);
			runOnlyForDeploymentPostprocessing = 0;
		};
/* End PBXResourcesBuildPhase section */

/* Begin PBXSourcesBuildPhase section */
		4971349527DD9AFC005C2B73 /* Sources */ = {
			isa = PBXSourcesBuildPhase;
			buildActionMask = 2147483647;
			files = (
				4971349F27DD9AFC005C2B73 /* ContentView.swift in Sources */,
				4971349D27DD9AFC005C2B73 /* TableViewDemoApp.swift in Sources */,
			);
			runOnlyForDeploymentPostprocessing = 0;
		};
		497134A527DD9B01005C2B73 /* Sources */ = {
			isa = PBXSourcesBuildPhase;
			buildActionMask = 2147483647;
			files = (
				497134AE27DD9B01005C2B73 /* TableViewDemoTests.swift in Sources */,
			);
			runOnlyForDeploymentPostprocessing = 0;
		};
		497134AF27DD9B01005C2B73 /* Sources */ = {
			isa = PBXSourcesBuildPhase;
			buildActionMask = 2147483647;
			files = (
				497134B827DD9B01005C2B73 /* TableViewDemoUITests.swift in Sources */,
				497134BA27DD9B01005C2B73 /* TableViewDemoUITestsLaunchTests.swift in Sources */,
			);
			runOnlyForDeploymentPostprocessing = 0;
		};
/* End PBXSourcesBuildPhase section */

/* Begin PBXTargetDependency section */
		497134AB27DD9B01005C2B73 /* PBXTargetDependency */ = {
			isa = PBXTargetDependency;
			target = 4971349827DD9AFC005C2B73 /* TableViewDemo */;
			targetProxy = 497134AA27DD9B01005C2B73 /* PBXContainerItemProxy */;
		};
		497134B527DD9B01005C2B73 /* PBXTargetDependency */ = {
			isa = PBXTargetDependency;
			target = 4971349827DD9AFC005C2B73 /* TableViewDemo */;
			targetProxy = 497134B427DD9B01005C2B73 /* PBXContainerItemProxy */;
		};
/* End PBXTargetDependency section */

/* Begin XCBuildConfiguration section */
		497134BB27DD9B01005C2B73 /* Debug */ = {
			isa = XCBuildConfiguration;
			buildSettings = {
				ALWAYS_SEARCH_USER_PATHS = NO;
				CLANG_ANALYZER_NONNULL = YES;
				CLANG_ANALYZER_NUMBER_OBJECT_CONVERSION = YES_AGGRESSIVE;
				CLANG_CXX_LANGUAGE_STANDARD = "gnu++17";
				CLANG_CXX_LIBRARY = "libc++";
				CLANG_ENABLE_MODULES = YES;
				CLANG_ENABLE_OBJC_ARC = YES;
				CLANG_ENABLE_OBJC_WEAK = YES;
				CLANG_WARN_BLOCK_CAPTURE_AUTORELEASING = YES;
				CLANG_WARN_BOOL_CONVERSION = YES;
				CLANG_WARN_COMMA = YES;
				CLANG_WARN_CONSTANT_CONVERSION = YES;
				CLANG_WARN_DEPRECATED_OBJC_IMPLEMENTATIONS = YES;
				CLANG_WARN_DIRECT_OBJC_ISA_USAGE = YES_ERROR;
				CLANG_WARN_DOCUMENTATION_COMMENTS = YES;
				CLANG_WARN_EMPTY_BODY = YES;
				CLANG_WARN_ENUM_CONVERSION = YES;
				CLANG_WARN_INFINITE_RECURSION = YES;
				CLANG_WARN_INT_CONVERSION = YES;
				CLANG_WARN_NON_LITERAL_NULL_CONVERSION = YES;
				CLANG_WARN_OBJC_IMPLICIT_RETAIN_SELF = YES;
				CLANG_WARN_OBJC_LITERAL_CONVERSION = YES;
				CLANG_WARN_OBJC_ROOT_CLASS = YES_ERROR;
				CLANG_WARN_QUOTED_INCLUDE_IN_FRAMEWORK_HEADER = YES;
				CLANG_WARN_RANGE_LOOP_ANALYSIS = YES;
				CLANG_WARN_STRICT_PROTOTYPES = YES;
				CLANG_WARN_SUSPICIOUS_MOVE = YES;
				CLANG_WARN_UNGUARDED_AVAILABILITY = YES_AGGRESSIVE;
				CLANG_WARN_UNREACHABLE_CODE = YES;
				CLANG_WARN__DUPLICATE_METHOD_MATCH = YES;
				COPY_PHASE_STRIP = NO;
				DEBUG_INFORMATION_FORMAT = dwarf;
				ENABLE_STRICT_OBJC_MSGSEND = YES;
				ENABLE_TESTABILITY = YES;
				GCC_C_LANGUAGE_STANDARD = gnu11;
				GCC_DYNAMIC_NO_PIC = NO;
				GCC_NO_COMMON_BLOCKS = YES;
				GCC_OPTIMIZATION_LEVEL = 0;
				GCC_PREPROCESSOR_DEFINITIONS = (
					"DEBUG=1",
					"$(inherited)",
				);
				GCC_WARN_64_TO_32_BIT_CONVERSION = YES;
				GCC_WARN_ABOUT_RETURN_TYPE = YES_ERROR;
				GCC_WARN_UNDECLARED_SELECTOR = YES;
				GCC_WARN_UNINITIALIZED_AUTOS = YES_AGGRESSIVE;
				GCC_WARN_UNUSED_FUNCTION = YES;
				GCC_WARN_UNUSED_VARIABLE = YES;
				IPHONEOS_DEPLOYMENT_TARGET = 15.2;
				MTL_ENABLE_DEBUG_INFO = INCLUDE_SOURCE;
				MTL_FAST_MATH = YES;
				ONLY_ACTIVE_ARCH = YES;
				SDKROOT = iphoneos;
				SWIFT_ACTIVE_COMPILATION_CONDITIONS = DEBUG;
				SWIFT_OPTIMIZATION_LEVEL = "-Onone";
			};
			name = Debug;
		};
		497134BC27DD9B01005C2B73 /* Release */ = {
			isa = XCBuildConfiguration;
			buildSettings = {
				ALWAYS_SEARCH_USER_PATHS = NO;
				CLANG_ANALYZER_NONNULL = YES;
				CLANG_ANALYZER_NUMBER_OBJECT_CONVERSION = YES_AGGRESSIVE;
				CLANG_CXX_LANGUAGE_STANDARD = "gnu++17";
				CLANG_CXX_LIBRARY = "libc++";
				CLANG_ENABLE_MODULES = YES;
				CLANG_ENABLE_OBJC_ARC = YES;
				CLANG_ENABLE_OBJC_WEAK = YES;
				CLANG_WARN_BLOCK_CAPTURE_AUTORELEASING = YES;
				CLANG_WARN_BOOL_CONVERSION = YES;
				CLANG_WARN_COMMA = YES;
				CLANG_WARN_CONSTANT_CONVERSION = YES;
				CLANG_WARN_DEPRECATED_OBJC_IMPLEMENTATIONS = YES;
				CLANG_WARN_DIRECT_OBJC_ISA_USAGE = YES_ERROR;
				CLANG_WARN_DOCUMENTATION_COMMENTS = YES;
				CLANG_WARN_EMPTY_BODY = YES;
				CLANG_WARN_ENUM_CONVERSION = YES;
				CLANG_WARN_INFINITE_RECURSION = YES;
				CLANG_WARN_INT_CONVERSION = YES;
				CLANG_WARN_NON_LITERAL_NULL_CONVERSION = YES;
				CLANG_WARN_OBJC_IMPLICIT_RETAIN_SELF = YES;
				CLANG_WARN_OBJC_LITERAL_CONVERSION = YES;
				CLANG_WARN_OBJC_ROOT_CLASS = YES_ERROR;
				CLANG_WARN_QUOTED_INCLUDE_IN_FRAMEWORK_HEADER = YES;
				CLANG_WARN_RANGE_LOOP_ANALYSIS = YES;
				CLANG_WARN_STRICT_PROTOTYPES = YES;
				CLANG_WARN_SUSPICIOUS_MOVE = YES;
				CLANG_WARN_UNGUARDED_AVAILABILITY = YES_AGGRESSIVE;
				CLANG_WARN_UNREACHABLE_CODE = YES;
				CLANG_WARN__DUPLICATE_METHOD_MATCH = YES;
				COPY_PHASE_STRIP = NO;
				DEBUG_INFORMATION_FORMAT = "dwarf-with-dsym";
				ENABLE_NS_ASSERTIONS = NO;
				ENABLE_STRICT_OBJC_MSGSEND = YES;
				GCC_C_LANGUAGE_STANDARD = gnu11;
				GCC_NO_COMMON_BLOCKS = YES;
				GCC_WARN_64_TO_32_BIT_CONVERSION = YES;
				GCC_WARN_ABOUT_RETURN_TYPE = YES_ERROR;
				GCC_WARN_UNDECLARED_SELECTOR = YES;
				GCC_WARN_UNINITIALIZED_AUTOS = YES_AGGRESSIVE;
				GCC_WARN_UNUSED_FUNCTION = YES;
				GCC_WARN_UNUSED_VARIABLE = YES;
				IPHONEOS_DEPLOYMENT_TARGET = 15.2;
				MTL_ENABLE_DEBUG_INFO = NO;
				MTL_FAST_MATH = YES;
				SDKROOT = iphoneos;
				SWIFT_COMPILATION_MODE = wholemodule;
				SWIFT_OPTIMIZATION_LEVEL = "-O";
				VALIDATE_PRODUCT = YES;
			};
			name = Release;
		};
		497134BE27DD9B01005C2B73 /* Debug */ = {
			isa = XCBuildConfiguration;
			buildSettings = {
				ASSETCATALOG_COMPILER_APPICON_NAME = AppIcon;
				ASSETCATALOG_COMPILER_GLOBAL_ACCENT_COLOR_NAME = AccentColor;
				CODE_SIGN_STYLE = Automatic;
				CURRENT_PROJECT_VERSION = 1;
				DEVELOPMENT_ASSET_PATHS = "\"TableViewDemo/Preview Content\"";
				DEVELOPMENT_TEAM = PB8XCD5RSV;
				ENABLE_PREVIEWS = YES;
				GENERATE_INFOPLIST_FILE = YES;
				INFOPLIST_KEY_UIApplicationSceneManifest_Generation = YES;
				INFOPLIST_KEY_UIApplicationSupportsIndirectInputEvents = YES;
				INFOPLIST_KEY_UILaunchScreen_Generation = YES;
				INFOPLIST_KEY_UISupportedInterfaceOrientations_iPad = "UIInterfaceOrientationPortrait UIInterfaceOrientationPortraitUpsideDown UIInterfaceOrientationLandscapeLeft UIInterfaceOrientationLandscapeRight";
				INFOPLIST_KEY_UISupportedInterfaceOrientations_iPhone = "UIInterfaceOrientationPortrait UIInterfaceOrientationLandscapeLeft UIInterfaceOrientationLandscapeRight";
				LD_RUNPATH_SEARCH_PATHS = (
					"$(inherited)",
					"@executable_path/Frameworks",
				);
				MARKETING_VERSION = 1.0;
				PRODUCT_BUNDLE_IDENTIFIER = com.andrewhoang.TableViewDemo;
				PRODUCT_NAME = "$(TARGET_NAME)";
				SWIFT_EMIT_LOC_STRINGS = YES;
				SWIFT_VERSION = 5.0;
				TARGETED_DEVICE_FAMILY = "1,2";
			};
			name = Debug;
		};
		497134BF27DD9B01005C2B73 /* Release */ = {
			isa = XCBuildConfiguration;
			buildSettings = {
				ASSETCATALOG_COMPILER_APPICON_NAME = AppIcon;
				ASSETCATALOG_COMPILER_GLOBAL_ACCENT_COLOR_NAME = AccentColor;
				CODE_SIGN_STYLE = Automatic;
				CURRENT_PROJECT_VERSION = 1;
				DEVELOPMENT_ASSET_PATHS = "\"TableViewDemo/Preview Content\"";
				DEVELOPMENT_TEAM = PB8XCD5RSV;
				ENABLE_PREVIEWS = YES;
				GENERATE_INFOPLIST_FILE = YES;
				INFOPLIST_KEY_UIApplicationSceneManifest_Generation = YES;
				INFOPLIST_KEY_UIApplicationSupportsIndirectInputEvents = YES;
				INFOPLIST_KEY_UILaunchScreen_Generation = YES;
				INFOPLIST_KEY_UISupportedInterfaceOrientations_iPad = "UIInterfaceOrientationPortrait UIInterfaceOrientationPortraitUpsideDown UIInterfaceOrientationLandscapeLeft UIInterfaceOrientationLandscapeRight";
				INFOPLIST_KEY_UISupportedInterfaceOrientations_iPhone = "UIInterfaceOrientationPortrait UIInterfaceOrientationLandscapeLeft UIInterfaceOrientationLandscapeRight";
				LD_RUNPATH_SEARCH_PATHS = (
					"$(inherited)",
					"@executable_path/Frameworks",
				);
				MARKETING_VERSION = 1.0;
				PRODUCT_BUNDLE_IDENTIFIER = com.andrewhoang.TableViewDemo;
				PRODUCT_NAME = "$(TARGET_NAME)";
				SWIFT_EMIT_LOC_STRINGS = YES;
				SWIFT_VERSION = 5.0;
				TARGETED_DEVICE_FAMILY = "1,2";
			};
			name = Release;
		};
		497134C127DD9B01005C2B73 /* Debug */ = {
			isa = XCBuildConfiguration;
			buildSettings = {
				ALWAYS_EMBED_SWIFT_STANDARD_LIBRARIES = YES;
				BUNDLE_LOADER = "$(TEST_HOST)";
				CODE_SIGN_STYLE = Automatic;
				CURRENT_PROJECT_VERSION = 1;
				DEVELOPMENT_TEAM = PB8XCD5RSV;
				GENERATE_INFOPLIST_FILE = YES;
				IPHONEOS_DEPLOYMENT_TARGET = 15.2;
				MARKETING_VERSION = 1.0;
				PRODUCT_BUNDLE_IDENTIFIER = com.andrewhoang.TableViewDemoTests;
				PRODUCT_NAME = "$(TARGET_NAME)";
				SWIFT_EMIT_LOC_STRINGS = NO;
				SWIFT_VERSION = 5.0;
				TARGETED_DEVICE_FAMILY = "1,2";
				TEST_HOST = "$(BUILT_PRODUCTS_DIR)/TableViewDemo.app/TableViewDemo";
			};
			name = Debug;
		};
		497134C227DD9B01005C2B73 /* Release */ = {
			isa = XCBuildConfiguration;
			buildSettings = {
				ALWAYS_EMBED_SWIFT_STANDARD_LIBRARIES = YES;
				BUNDLE_LOADER = "$(TEST_HOST)";
				CODE_SIGN_STYLE = Automatic;
				CURRENT_PROJECT_VERSION = 1;
				DEVELOPMENT_TEAM = PB8XCD5RSV;
				GENERATE_INFOPLIST_FILE = YES;
				IPHONEOS_DEPLOYMENT_TARGET = 15.2;
				MARKETING_VERSION = 1.0;
				PRODUCT_BUNDLE_IDENTIFIER = com.andrewhoang.TableViewDemoTests;
				PRODUCT_NAME = "$(TARGET_NAME)";
				SWIFT_EMIT_LOC_STRINGS = NO;
				SWIFT_VERSION = 5.0;
				TARGETED_DEVICE_FAMILY = "1,2";
				TEST_HOST = "$(BUILT_PRODUCTS_DIR)/TableViewDemo.app/TableViewDemo";
			};
			name = Release;
		};
		497134C427DD9B01005C2B73 /* Debug */ = {
			isa = XCBuildConfiguration;
			buildSettings = {
				ALWAYS_EMBED_SWIFT_STANDARD_LIBRARIES = YES;
				CODE_SIGN_STYLE = Automatic;
				CURRENT_PROJECT_VERSION = 1;
				DEVELOPMENT_TEAM = PB8XCD5RSV;
				GENERATE_INFOPLIST_FILE = YES;
				MARKETING_VERSION = 1.0;
				PRODUCT_BUNDLE_IDENTIFIER = com.andrewhoang.TableViewDemoUITests;
				PRODUCT_NAME = "$(TARGET_NAME)";
				SWIFT_EMIT_LOC_STRINGS = NO;
				SWIFT_VERSION = 5.0;
				TARGETED_DEVICE_FAMILY = "1,2";
				TEST_TARGET_NAME = TableViewDemo;
			};
			name = Debug;
		};
		497134C527DD9B01005C2B73 /* Release */ = {
			isa = XCBuildConfiguration;
			buildSettings = {
				ALWAYS_EMBED_SWIFT_STANDARD_LIBRARIES = YES;
				CODE_SIGN_STYLE = Automatic;
				CURRENT_PROJECT_VERSION = 1;
				DEVELOPMENT_TEAM = PB8XCD5RSV;
				GENERATE_INFOPLIST_FILE = YES;
				MARKETING_VERSION = 1.0;
				PRODUCT_BUNDLE_IDENTIFIER = com.andrewhoang.TableViewDemoUITests;
				PRODUCT_NAME = "$(TARGET_NAME)";
				SWIFT_EMIT_LOC_STRINGS = NO;
				SWIFT_VERSION = 5.0;
				TARGETED_DEVICE_FAMILY = "1,2";
				TEST_TARGET_NAME = TableViewDemo;
			};
			name = Release;
		};
/* End XCBuildConfiguration section */

/* Begin XCConfigurationList section */
		4971349427DD9AFC005C2B73 /* Build configuration list for PBXProject "TableViewDemo" */ = {
			isa = XCConfigurationList;
			buildConfigurations = (
				497134BB27DD9B01005C2B73 /* Debug */,
				497134BC27DD9B01005C2B73 /* Release */,
			);
			defaultConfigurationIsVisible = 0;
			defaultConfigurationName = Release;
		};
		497134BD27DD9B01005C2B73 /* Build configuration list for PBXNativeTarget "TableViewDemo" */ = {
			isa = XCConfigurationList;
			buildConfigurations = (
				497134BE27DD9B01005C2B73 /* Debug */,
				497134BF27DD9B01005C2B73 /* Release */,
			);
			defaultConfigurationIsVisible = 0;
			defaultConfigurationName = Release;
		};
		497134C027DD9B01005C2B73 /* Build configuration list for PBXNativeTarget "TableViewDemoTests" */ = {
			isa = XCConfigurationList;
			buildConfigurations = (
				497134C127DD9B01005C2B73 /* Debug */,
				497134C227DD9B01005C2B73 /* Release */,
			);
			defaultConfigurationIsVisible = 0;
			defaultConfigurationName = Release;
		};
		497134C327DD9B01005C2B73 /* Build configuration list for PBXNativeTarget "TableViewDemoUITests" */ = {
			isa = XCConfigurationList;
			buildConfigurations = (
				497134C427DD9B01005C2B73 /* Debug */,
				497134C527DD9B01005C2B73 /* Release */,
			);
			defaultConfigurationIsVisible = 0;
			defaultConfigurationName = Release;
		};
/* End XCConfigurationList section */
	};
	rootObject = 4971349127DD9AFC005C2B73 /* Project object */;
}
